
Microsoft Visual Studio Solution File, Format Version 12.00
# Visual Studio Version 16
VisualStudioVersion = 16.0.30320.27
MinimumVisualStudioVersion = 10.0.40219.1
Project("{9A19103F-16F7-4668-BE54-9A1E7A4F7556}") = "BookStore", "BookStore\BookStore.csproj", "{1519E226-7AA4-47AC-84EF-4D82DDE4C188}"
EndProject
Project("{FAE04EC0-301F-11D3-BF4B-00C04F79EFBC}") = "BookStore.Dal", "BookStore.Dal\BookStore.Dal.csproj", "{683BC081-C538-425A-B0D9-12F72F142CD9}"
EndProject
Global
	GlobalSection(SolutionConfigurationPlatforms) = preSolution
		Debug|Any CPU = Debug|Any CPU
		Release|Any CPU = Release|Any CPU
	EndGlobalSection
	GlobalSection(ProjectConfigurationPlatforms) = postSolution
		{1519E226-7AA4-47AC-84EF-4D82DDE4C188}.Debug|Any CPU.ActiveCfg = Debug|Any CPU
		{1519E226-7AA4-47AC-84EF-4D82DDE4C188}.Debug|Any CPU.Build.0 = Debug|Any CPU
		{1519E226-7AA4-47AC-84EF-4D82DDE4C188}.Release|Any CPU.ActiveCfg = Release|Any CPU
		{1519E226-7AA4-47AC-84EF-4D82DDE4C188}.Release|Any CPU.Build.0 = Release|Any CPU
		{683BC081-C538-425A-B0D9-12F72F142CD9}.Debug|Any CPU.ActiveCfg = Debug|Any CPU
		{683BC081-C538-425A-B0D9-12F72F142CD9}.Debug|Any CPU.Build.0 = Debug|Any CPU
		{683BC081-C538-425A-B0D9-12F72F142CD9}.Release|Any CPU.ActiveCfg = Release|Any CPU
		{683BC081-C538-425A-B0D9-12F72F142CD9}.Release|Any CPU.Build.0 = Release|Any CPU
	EndGlobalSection
	GlobalSection(SolutionProperties) = preSolution
		HideSolutionNode = FALSE
	EndGlobalSection
	GlobalSection(ExtensibilityGlobals) = postSolution
		SolutionGuid = {EF0FFD74-7634-4FFF-9DE2-FC4A177199C5}
	EndGlobalSection
EndGlobal
